
Microsoft Visual Studio Solution File, Format Version 12.00
# Visual Studio 2013
VisualStudioVersion = 12.0.21005.1
MinimumVisualStudioVersion = 10.0.40219.1
Project("{FAE04EC0-301F-11D3-BF4B-00C04F79EFBC}") = "MyTest", "MyTest\MyTest.csproj", "{63A90B53-F2A2-4BFA-8789-9F35F6A26AA6}"
EndProject
Project("{FAE04EC0-301F-11D3-BF4B-00C04F79EFBC}") = "MyTest.Log", "MyTest.Log\MyTest.Log.csproj", "{D5A9A59D-D894-42D3-BB89-9E115196A64C}"
EndProject
Global
	GlobalSection(SolutionConfigurationPlatforms) = preSolution
		Debug|Any CPU = Debug|Any CPU
		Release|Any CPU = Release|Any CPU
	EndGlobalSection
	GlobalSection(ProjectConfigurationPlatforms) = postSolution
		{63A90B53-F2A2-4BFA-8789-9F35F6A26AA6}.Debug|Any CPU.ActiveCfg = Debug|Any CPU
		{63A90B53-F2A2-4BFA-8789-9F35F6A26AA6}.Debug|Any CPU.Build.0 = Debug|Any CPU
		{63A90B53-F2A2-4BFA-8789-9F35F6A26AA6}.Release|Any CPU.ActiveCfg = Release|Any CPU
		{63A90B53-F2A2-4BFA-8789-9F35F6A26AA6}.Release|Any CPU.Build.0 = Release|Any CPU
		{D5A9A59D-D894-42D3-BB89-9E115196A64C}.Debug|Any CPU.ActiveCfg = Debug|Any CPU
		{D5A9A59D-D894-42D3-BB89-9E115196A64C}.Debug|Any CPU.Build.0 = Debug|Any CPU
		{D5A9A59D-D894-42D3-BB89-9E115196A64C}.Release|Any CPU.ActiveCfg = Release|Any CPU
		{D5A9A59D-D894-42D3-BB89-9E115196A64C}.Release|Any CPU.Build.0 = Release|Any CPU
	EndGlobalSection
	GlobalSection(SolutionProperties) = preSolution
		HideSolutionNode = FALSE
	EndGlobalSection
EndGlobal
